
Microsoft Visual Studio Solution File, Format Version 12.00
# Visual Studio Version 17
VisualStudioVersion = 17.6.33829.357
MinimumVisualStudioVersion = 10.0.40219.1
Project("{9A19103F-16F7-4668-BE54-9A1E7A4F7556}") = "Northwind.Api", "Northwind.Api\Northwind.Api.csproj", "{FA0A5C71-7F2C-43AC-BE55-D41608A106F3}"
EndProject
Project("{9A19103F-16F7-4668-BE54-9A1E7A4F7556}") = "Northwind.Business", "Northwind.Business\Northwind.Business.csproj", "{39DCD25B-24FF-47FE-BE40-6332A6E1423B}"
EndProject
Project("{FAE04EC0-301F-11D3-BF4B-00C04F79EFBC}") = "Northwind.VersionApiDemo", "Northwind.VersionApiDemo\Northwind.VersionApiDemo.csproj", "{55560794-2878-47B1-B579-9B64620937DF}"
EndProject
Global
	GlobalSection(SolutionConfigurationPlatforms) = preSolution
		Debug|Any CPU = Debug|Any CPU
		Release|Any CPU = Release|Any CPU
	EndGlobalSection
	GlobalSection(ProjectConfigurationPlatforms) = postSolution
		{FA0A5C71-7F2C-43AC-BE55-D41608A106F3}.Debug|Any CPU.ActiveCfg = Debug|Any CPU
		{FA0A5C71-7F2C-43AC-BE55-D41608A106F3}.Debug|Any CPU.Build.0 = Debug|Any CPU
		{FA0A5C71-7F2C-43AC-BE55-D41608A106F3}.Release|Any CPU.ActiveCfg = Release|Any CPU
		{FA0A5C71-7F2C-43AC-BE55-D41608A106F3}.Release|Any CPU.Build.0 = Release|Any CPU
		{39DCD25B-24FF-47FE-BE40-6332A6E1423B}.Debug|Any CPU.ActiveCfg = Debug|Any CPU
		{39DCD25B-24FF-47FE-BE40-6332A6E1423B}.Debug|Any CPU.Build.0 = Debug|Any CPU
		{39DCD25B-24FF-47FE-BE40-6332A6E1423B}.Release|Any CPU.ActiveCfg = Release|Any CPU
		{39DCD25B-24FF-47FE-BE40-6332A6E1423B}.Release|Any CPU.Build.0 = Release|Any CPU
		{55560794-2878-47B1-B579-9B64620937DF}.Debug|Any CPU.ActiveCfg = Debug|Any CPU
		{55560794-2878-47B1-B579-9B64620937DF}.Debug|Any CPU.Build.0 = Debug|Any CPU
		{55560794-2878-47B1-B579-9B64620937DF}.Release|Any CPU.ActiveCfg = Release|Any CPU
		{55560794-2878-47B1-B579-9B64620937DF}.Release|Any CPU.Build.0 = Release|Any CPU
	EndGlobalSection
	GlobalSection(SolutionProperties) = preSolution
		HideSolutionNode = FALSE
	EndGlobalSection
	GlobalSection(ExtensibilityGlobals) = postSolution
		SolutionGuid = {57F023D4-D2C4-409D-846B-9D56BF0B1599}
	EndGlobalSection
EndGlobal
